
Microsoft Visual Studio Solution File, Format Version 12.00
# Visual Studio Version 17
VisualStudioVersion = 17.11.35327.3
MinimumVisualStudioVersion = 10.0.40219.1
Project("{8BC9CEB8-8B4A-11D0-8D11-00A0C91BC942}") = "Pointers", "Pointers\Pointers.vcxproj", "{55B29658-136B-4782-9E5E-96132FEB47A8}"
EndProject
Project("{8BC9CEB8-8B4A-11D0-8D11-00A0C91BC942}") = "TransferParameters", "TransferParameters\TransferParameters.vcxproj", "{AFBCF8FC-A0E9-4F7E-8F64-94AE5022BDB1}"
EndProject
Project("{8BC9CEB8-8B4A-11D0-8D11-00A0C91BC942}") = "DinamikMemory", "DinamikMemory\DinamikMemory.vcxproj", "{334B2CFF-5C5B-4CF8-8EAF-E81AB47FCFAE}"
EndProject
Project("{8BC9CEB8-8B4A-11D0-8D11-00A0C91BC942}") = "Split", "Split\Split.vcxproj", "{33561A48-98FA-4897-8B01-CF9C382F8EEC}"
EndProject
Project("{8BC9CEB8-8B4A-11D0-8D11-00A0C91BC942}") = "Indicator_TEST", "Indicator_TEST\Indicator_TEST.vcxproj", "{15403FC8-100F-4733-9556-E06F656DF048}"
EndProject
Global
	GlobalSection(SolutionConfigurationPlatforms) = preSolution
		Debug|x64 = Debug|x64
		Debug|x86 = Debug|x86
		Release|x64 = Release|x64
		Release|x86 = Release|x86
	EndGlobalSection
	GlobalSection(ProjectConfigurationPlatforms) = postSolution
		{55B29658-136B-4782-9E5E-96132FEB47A8}.Debug|x64.ActiveCfg = Debug|x64
		{55B29658-136B-4782-9E5E-96132FEB47A8}.Debug|x64.Build.0 = Debug|x64
		{55B29658-136B-4782-9E5E-96132FEB47A8}.Debug|x86.ActiveCfg = Debug|Win32
		{55B29658-136B-4782-9E5E-96132FEB47A8}.Debug|x86.Build.0 = Debug|Win32
		{55B29658-136B-4782-9E5E-96132FEB47A8}.Release|x64.ActiveCfg = Release|x64
		{55B29658-136B-4782-9E5E-96132FEB47A8}.Release|x64.Build.0 = Release|x64
		{55B29658-136B-4782-9E5E-96132FEB47A8}.Release|x86.ActiveCfg = Release|Win32
		{55B29658-136B-4782-9E5E-96132FEB47A8}.Release|x86.Build.0 = Release|Win32
		{AFBCF8FC-A0E9-4F7E-8F64-94AE5022BDB1}.Debug|x64.ActiveCfg = Debug|x64
		{AFBCF8FC-A0E9-4F7E-8F64-94AE5022BDB1}.Debug|x64.Build.0 = Debug|x64
		{AFBCF8FC-A0E9-4F7E-8F64-94AE5022BDB1}.Debug|x86.ActiveCfg = Debug|Win32
		{AFBCF8FC-A0E9-4F7E-8F64-94AE5022BDB1}.Debug|x86.Build.0 = Debug|Win32
		{AFBCF8FC-A0E9-4F7E-8F64-94AE5022BDB1}.Release|x64.ActiveCfg = Release|x64
		{AFBCF8FC-A0E9-4F7E-8F64-94AE5022BDB1}.Release|x64.Build.0 = Release|x64
		{AFBCF8FC-A0E9-4F7E-8F64-94AE5022BDB1}.Release|x86.ActiveCfg = Release|Win32
		{AFBCF8FC-A0E9-4F7E-8F64-94AE5022BDB1}.Release|x86.Build.0 = Release|Win32
		{334B2CFF-5C5B-4CF8-8EAF-E81AB47FCFAE}.Debug|x64.ActiveCfg = Debug|x64
		{334B2CFF-5C5B-4CF8-8EAF-E81AB47FCFAE}.Debug|x64.Build.0 = Debug|x64
		{334B2CFF-5C5B-4CF8-8EAF-E81AB47FCFAE}.Debug|x86.ActiveCfg = Debug|Win32
		{334B2CFF-5C5B-4CF8-8EAF-E81AB47FCFAE}.Debug|x86.Build.0 = Debug|Win32
		{334B2CFF-5C5B-4CF8-8EAF-E81AB47FCFAE}.Release|x64.ActiveCfg = Release|x64
		{334B2CFF-5C5B-4CF8-8EAF-E81AB47FCFAE}.Release|x64.Build.0 = Release|x64
		{334B2CFF-5C5B-4CF8-8EAF-E81AB47FCFAE}.Release|x86.ActiveCfg = Release|Win32
		{334B2CFF-5C5B-4CF8-8EAF-E81AB47FCFAE}.Release|x86.Build.0 = Release|Win32
		{33561A48-98FA-4897-8B01-CF9C382F8EEC}.Debug|x64.ActiveCfg = Debug|x64
		{33561A48-98FA-4897-8B01-CF9C382F8EEC}.Debug|x64.Build.0 = Debug|x64
		{33561A48-98FA-4897-8B01-CF9C382F8EEC}.Debug|x86.ActiveCfg = Debug|Win32
		{33561A48-98FA-4897-8B01-CF9C382F8EEC}.Debug|x86.Build.0 = Debug|Win32
		{33561A48-98FA-4897-8B01-CF9C382F8EEC}.Release|x64.ActiveCfg = Release|x64
		{33561A48-98FA-4897-8B01-CF9C382F8EEC}.Release|x64.Build.0 = Release|x64
		{33561A48-98FA-4897-8B01-CF9C382F8EEC}.Release|x86.ActiveCfg = Release|Win32
		{33561A48-98FA-4897-8B01-CF9C382F8EEC}.Release|x86.Build.0 = Release|Win32
		{15403FC8-100F-4733-9556-E06F656DF048}.Debug|x64.ActiveCfg = Debug|x64
		{15403FC8-100F-4733-9556-E06F656DF048}.Debug|x64.Build.0 = Debug|x64
		{15403FC8-100F-4733-9556-E06F656DF048}.Debug|x86.ActiveCfg = Debug|Win32
		{15403FC8-100F-4733-9556-E06F656DF048}.Debug|x86.Build.0 = Debug|Win32
		{15403FC8-100F-4733-9556-E06F656DF048}.Release|x64.ActiveCfg = Release|x64
		{15403FC8-100F-4733-9556-E06F656DF048}.Release|x64.Build.0 = Release|x64
		{15403FC8-100F-4733-9556-E06F656DF048}.Release|x86.ActiveCfg = Release|Win32
		{15403FC8-100F-4733-9556-E06F656DF048}.Release|x86.Build.0 = Release|Win32
	EndGlobalSection
	GlobalSection(SolutionProperties) = preSolution
		HideSolutionNode = FALSE
	EndGlobalSection
	GlobalSection(ExtensibilityGlobals) = postSolution
		SolutionGuid = {37719B2A-C6F3-4162-A74E-3D5F840F044F}
	EndGlobalSection
EndGlobal
